
Microsoft Visual Studio Solution File, Format Version 12.00
# Visual Studio Version 17
VisualStudioVersion = 17.0.31903.59
MinimumVisualStudioVersion = 10.0.40219.1
Project("{FAE04EC0-301F-11D3-BF4B-00C04F79EFBC}") = "Api", "Api\Api\Api.csproj", "{86AEBED5-EDCC-4341-A392-A98C49CAD60D}"
EndProject
Project("{FAE04EC0-301F-11D3-BF4B-00C04F79EFBC}") = "Application", "Api\Application\Application.csproj", "{F05019C3-0D65-45F8-8533-E858A4520EF9}"
EndProject
Project("{FAE04EC0-301F-11D3-BF4B-00C04F79EFBC}") = "Domain", "Api\Domain\Domain.csproj", "{D4C6BD43-1ADF-4C4E-B054-7F315291F01D}"
EndProject
Project("{FAE04EC0-301F-11D3-BF4B-00C04F79EFBC}") = "Infrustructure", "Api\Infrustructure\Infrustructure.csproj", "{B12B5D2B-437B-407F-B158-1481E106899A}"
EndProject
Project("{FAE04EC0-301F-11D3-BF4B-00C04F79EFBC}") = "Dtos", "Api\Dtos\Dtos.csproj", "{65187AF9-B483-481E-887F-AA95A64635B1}"
EndProject
Project("{2150E333-8FDC-42A3-9474-1A3956D46DE8}") = "Identity", "Identity", "{2FA89949-C014-61E3-9766-4043502A0423}"
EndProject
Project("{FAE04EC0-301F-11D3-BF4B-00C04F79EFBC}") = "Api", "Identity\Api\Api.csproj", "{0608AD63-4DA9-48E4-84AB-A819E8E56B1D}"
EndProject
Project("{FAE04EC0-301F-11D3-BF4B-00C04F79EFBC}") = "Dtos", "Identity\Dtos\Dtos.csproj", "{2A524AB6-DADC-428B-9080-3A8D4D1A7AF3}"
EndProject
Global
	GlobalSection(SolutionConfigurationPlatforms) = preSolution
		Debug|Any CPU = Debug|Any CPU
		Debug|x64 = Debug|x64
		Debug|x86 = Debug|x86
		Release|Any CPU = Release|Any CPU
		Release|x64 = Release|x64
		Release|x86 = Release|x86
	EndGlobalSection
	GlobalSection(ProjectConfigurationPlatforms) = postSolution
		{86AEBED5-EDCC-4341-A392-A98C49CAD60D}.Debug|Any CPU.ActiveCfg = Debug|Any CPU
		{86AEBED5-EDCC-4341-A392-A98C49CAD60D}.Debug|Any CPU.Build.0 = Debug|Any CPU
		{86AEBED5-EDCC-4341-A392-A98C49CAD60D}.Debug|x64.ActiveCfg = Debug|Any CPU
		{86AEBED5-EDCC-4341-A392-A98C49CAD60D}.Debug|x64.Build.0 = Debug|Any CPU
		{86AEBED5-EDCC-4341-A392-A98C49CAD60D}.Debug|x86.ActiveCfg = Debug|Any CPU
		{86AEBED5-EDCC-4341-A392-A98C49CAD60D}.Debug|x86.Build.0 = Debug|Any CPU
		{86AEBED5-EDCC-4341-A392-A98C49CAD60D}.Release|Any CPU.ActiveCfg = Release|Any CPU
		{86AEBED5-EDCC-4341-A392-A98C49CAD60D}.Release|Any CPU.Build.0 = Release|Any CPU
		{86AEBED5-EDCC-4341-A392-A98C49CAD60D}.Release|x64.ActiveCfg = Release|Any CPU
		{86AEBED5-EDCC-4341-A392-A98C49CAD60D}.Release|x64.Build.0 = Release|Any CPU
		{86AEBED5-EDCC-4341-A392-A98C49CAD60D}.Release|x86.ActiveCfg = Release|Any CPU
		{86AEBED5-EDCC-4341-A392-A98C49CAD60D}.Release|x86.Build.0 = Release|Any CPU
		{F05019C3-0D65-45F8-8533-E858A4520EF9}.Debug|Any CPU.ActiveCfg = Debug|Any CPU
		{F05019C3-0D65-45F8-8533-E858A4520EF9}.Debug|Any CPU.Build.0 = Debug|Any CPU
		{F05019C3-0D65-45F8-8533-E858A4520EF9}.Debug|x64.ActiveCfg = Debug|Any CPU
		{F05019C3-0D65-45F8-8533-E858A4520EF9}.Debug|x64.Build.0 = Debug|Any CPU
		{F05019C3-0D65-45F8-8533-E858A4520EF9}.Debug|x86.ActiveCfg = Debug|Any CPU
		{F05019C3-0D65-45F8-8533-E858A4520EF9}.Debug|x86.Build.0 = Debug|Any CPU
		{F05019C3-0D65-45F8-8533-E858A4520EF9}.Release|Any CPU.ActiveCfg = Release|Any CPU
		{F05019C3-0D65-45F8-8533-E858A4520EF9}.Release|Any CPU.Build.0 = Release|Any CPU
		{F05019C3-0D65-45F8-8533-E858A4520EF9}.Release|x64.ActiveCfg = Release|Any CPU
		{F05019C3-0D65-45F8-8533-E858A4520EF9}.Release|x64.Build.0 = Release|Any CPU
		{F05019C3-0D65-45F8-8533-E858A4520EF9}.Release|x86.ActiveCfg = Release|Any CPU
		{F05019C3-0D65-45F8-8533-E858A4520EF9}.Release|x86.Build.0 = Release|Any CPU
		{D4C6BD43-1ADF-4C4E-B054-7F315291F01D}.Debug|Any CPU.ActiveCfg = Debug|Any CPU
		{D4C6BD43-1ADF-4C4E-B054-7F315291F01D}.Debug|Any CPU.Build.0 = Debug|Any CPU
		{D4C6BD43-1ADF-4C4E-B054-7F315291F01D}.Debug|x64.ActiveCfg = Debug|Any CPU
		{D4C6BD43-1ADF-4C4E-B054-7F315291F01D}.Debug|x64.Build.0 = Debug|Any CPU
		{D4C6BD43-1ADF-4C4E-B054-7F315291F01D}.Debug|x86.ActiveCfg = Debug|Any CPU
		{D4C6BD43-1ADF-4C4E-B054-7F315291F01D}.Debug|x86.Build.0 = Debug|Any CPU
		{D4C6BD43-1ADF-4C4E-B054-7F315291F01D}.Release|Any CPU.ActiveCfg = Release|Any CPU
		{D4C6BD43-1ADF-4C4E-B054-7F315291F01D}.Release|Any CPU.Build.0 = Release|Any CPU
		{D4C6BD43-1ADF-4C4E-B054-7F315291F01D}.Release|x64.ActiveCfg = Release|Any CPU
		{D4C6BD43-1ADF-4C4E-B054-7F315291F01D}.Release|x64.Build.0 = Release|Any CPU
		{D4C6BD43-1ADF-4C4E-B054-7F315291F01D}.Release|x86.ActiveCfg = Release|Any CPU
		{D4C6BD43-1ADF-4C4E-B054-7F315291F01D}.Release|x86.Build.0 = Release|Any CPU
		{B12B5D2B-437B-407F-B158-1481E106899A}.Debug|Any CPU.ActiveCfg = Debug|Any CPU
		{B12B5D2B-437B-407F-B158-1481E106899A}.Debug|Any CPU.Build.0 = Debug|Any CPU
		{B12B5D2B-437B-407F-B158-1481E106899A}.Debug|x64.ActiveCfg = Debug|Any CPU
		{B12B5D2B-437B-407F-B158-1481E106899A}.Debug|x64.Build.0 = Debug|Any CPU
		{B12B5D2B-437B-407F-B158-1481E106899A}.Debug|x86.ActiveCfg = Debug|Any CPU
		{B12B5D2B-437B-407F-B158-1481E106899A}.Debug|x86.Build.0 = Debug|Any CPU
		{B12B5D2B-437B-407F-B158-1481E106899A}.Release|Any CPU.ActiveCfg = Release|Any CPU
		{B12B5D2B-437B-407F-B158-1481E106899A}.Release|Any CPU.Build.0 = Release|Any CPU
		{B12B5D2B-437B-407F-B158-1481E106899A}.Release|x64.ActiveCfg = Release|Any CPU
		{B12B5D2B-437B-407F-B158-1481E106899A}.Release|x64.Build.0 = Release|Any CPU
		{B12B5D2B-437B-407F-B158-1481E106899A}.Release|x86.ActiveCfg = Release|Any CPU
		{B12B5D2B-437B-407F-B158-1481E106899A}.Release|x86.Build.0 = Release|Any CPU
		{65187AF9-B483-481E-887F-AA95A64635B1}.Debug|Any CPU.ActiveCfg = Debug|Any CPU
		{65187AF9-B483-481E-887F-AA95A64635B1}.Debug|Any CPU.Build.0 = Debug|Any CPU
		{65187AF9-B483-481E-887F-AA95A64635B1}.Debug|x64.ActiveCfg = Debug|Any CPU
		{65187AF9-B483-481E-887F-AA95A64635B1}.Debug|x64.Build.0 = Debug|Any CPU
		{65187AF9-B483-481E-887F-AA95A64635B1}.Debug|x86.ActiveCfg = Debug|Any CPU
		{65187AF9-B483-481E-887F-AA95A64635B1}.Debug|x86.Build.0 = Debug|Any CPU
		{65187AF9-B483-481E-887F-AA95A64635B1}.Release|Any CPU.ActiveCfg = Release|Any CPU
		{65187AF9-B483-481E-887F-AA95A64635B1}.Release|Any CPU.Build.0 = Release|Any CPU
		{65187AF9-B483-481E-887F-AA95A64635B1}.Release|x64.ActiveCfg = Release|Any CPU
		{65187AF9-B483-481E-887F-AA95A64635B1}.Release|x64.Build.0 = Release|Any CPU
		{65187AF9-B483-481E-887F-AA95A64635B1}.Release|x86.ActiveCfg = Release|Any CPU
		{65187AF9-B483-481E-887F-AA95A64635B1}.Release|x86.Build.0 = Release|Any CPU
		{0608AD63-4DA9-48E4-84AB-A819E8E56B1D}.Debug|Any CPU.ActiveCfg = Debug|Any CPU
		{0608AD63-4DA9-48E4-84AB-A819E8E56B1D}.Debug|Any CPU.Build.0 = Debug|Any CPU
		{0608AD63-4DA9-48E4-84AB-A819E8E56B1D}.Debug|x64.ActiveCfg = Debug|Any CPU
		{0608AD63-4DA9-48E4-84AB-A819E8E56B1D}.Debug|x64.Build.0 = Debug|Any CPU
		{0608AD63-4DA9-48E4-84AB-A819E8E56B1D}.Debug|x86.ActiveCfg = Debug|Any CPU
		{0608AD63-4DA9-48E4-84AB-A819E8E56B1D}.Debug|x86.Build.0 = Debug|Any CPU
		{0608AD63-4DA9-48E4-84AB-A819E8E56B1D}.Release|Any CPU.ActiveCfg = Release|Any CPU
		{0608AD63-4DA9-48E4-84AB-A819E8E56B1D}.Release|Any CPU.Build.0 = Release|Any CPU
		{0608AD63-4DA9-48E4-84AB-A819E8E56B1D}.Release|x64.ActiveCfg = Release|Any CPU
		{0608AD63-4DA9-48E4-84AB-A819E8E56B1D}.Release|x64.Build.0 = Release|Any CPU
		{0608AD63-4DA9-48E4-84AB-A819E8E56B1D}.Release|x86.ActiveCfg = Release|Any CPU
		{0608AD63-4DA9-48E4-84AB-A819E8E56B1D}.Release|x86.Build.0 = Release|Any CPU
		{2A524AB6-DADC-428B-9080-3A8D4D1A7AF3}.Debug|Any CPU.ActiveCfg = Debug|Any CPU
		{2A524AB6-DADC-428B-9080-3A8D4D1A7AF3}.Debug|Any CPU.Build.0 = Debug|Any CPU
		{2A524AB6-DADC-428B-9080-3A8D4D1A7AF3}.Debug|x64.ActiveCfg = Debug|Any CPU
		{2A524AB6-DADC-428B-9080-3A8D4D1A7AF3}.Debug|x64.Build.0 = Debug|Any CPU
		{2A524AB6-DADC-428B-9080-3A8D4D1A7AF3}.Debug|x86.ActiveCfg = Debug|Any CPU
		{2A524AB6-DADC-428B-9080-3A8D4D1A7AF3}.Debug|x86.Build.0 = Debug|Any CPU
		{2A524AB6-DADC-428B-9080-3A8D4D1A7AF3}.Release|Any CPU.ActiveCfg = Release|Any CPU
		{2A524AB6-DADC-428B-9080-3A8D4D1A7AF3}.Release|Any CPU.Build.0 = Release|Any CPU
		{2A524AB6-DADC-428B-9080-3A8D4D1A7AF3}.Release|x64.ActiveCfg = Release|Any CPU
		{2A524AB6-DADC-428B-9080-3A8D4D1A7AF3}.Release|x64.Build.0 = Release|Any CPU
		{2A524AB6-DADC-428B-9080-3A8D4D1A7AF3}.Release|x86.ActiveCfg = Release|Any CPU
		{2A524AB6-DADC-428B-9080-3A8D4D1A7AF3}.Release|x86.Build.0 = Release|Any CPU
	EndGlobalSection
	GlobalSection(SolutionProperties) = preSolution
		HideSolutionNode = FALSE
	EndGlobalSection
	GlobalSection(NestedProjects) = preSolution
		{0608AD63-4DA9-48E4-84AB-A819E8E56B1D} = {2FA89949-C014-61E3-9766-4043502A0423}
		{2A524AB6-DADC-428B-9080-3A8D4D1A7AF3} = {2FA89949-C014-61E3-9766-4043502A0423}
	EndGlobalSection
EndGlobal
